{
  "name": "typescript-web502-fall25",
  "lockfileVersion": 3,
  "requires": true,
  "packages": {
    "": {
      "dependencies": {
        "@hookform/resolvers": "^5.2.2",
        "react-hook-form": "^7.65.0",
        "zod": "^4.1.12"
      }
    },
    "node_modules/@hookform/resolvers": {
      "version": "5.2.2",
      "resolved": "https://registry.npmjs.org/@hookform/resolvers/-/resolvers-5.2.2.tgz",
      "integrity": "sha512-A/IxlMLShx3KjV/HeTcTfaMxdwy690+L/ZADoeaTltLx+CVuzkeVIPuybK3jrRfw7YZnmdKsVVHAlEPIAEUNlA==",
      "license": "MIT",
      "dependencies": {
        "@standard-schema/utils": "^0.3.0"
      },
      "peerDependencies": {
        "react-hook-form": "^7.55.0"
      }
    },
    "node_modules/@standard-schema/utils": {
      "version": "0.3.0",
      "resolved": "https://registry.npmjs.org/@standard-schema/utils/-/utils-0.3.0.tgz",
      "integrity": "sha512-e7Mew686owMaPJVNNLs55PUvgz371nKgwsc4vxE49zsODpJEnxgxRo2y/OKrqueavXgZNMDVj3DdHFlaSAeU8g==",
      "license": "MIT"
    },
    "node_modules/react": {
      "version": "19.2.0",
      "resolved": "https://registry.npmjs.org/react/-/react-19.2.0.tgz",
      "integrity": "sha512-tmbWg6W31tQLeB5cdIBOicJDJRR2KzXsV7uSK9iNfLWQ5bIZfxuPEHp7M8wiHyHnn0DD1i7w3Zmin0FtkrwoCQ==",
      "license": "MIT",
      "peer": true,
      "engines": {
        "node": ">=0.10.0"
      }
    },
    "node_modules/react-hook-form": {
      "version": "7.65.0",
      "resolved": "https://registry.npmjs.org/react-hook-form/-/react-hook-form-7.65.0.tgz",
      "integrity": "sha512-xtOzDz063WcXvGWaHgLNrNzlsdFgtUWcb32E6WFaGTd7kPZG3EeDusjdZfUsPwKCKVXy1ZlntifaHZ4l8pAsmw==",
      "license": "MIT",
      "engines": {
        "node": ">=18.0.0"
      },
      "funding": {
        "type": "opencollective",
        "url": "https://opencollective.com/react-hook-form"
      },
      "peerDependencies": {
        "react": "^16.8.0 || ^17 || ^18 || ^19"
      }
    },
    "node_modules/zod": {
      "version": "4.1.12",
      "resolved": "https://registry.npmjs.org/zod/-/zod-4.1.12.tgz",
      "integrity": "sha512-JInaHOamG8pt5+Ey8kGmdcAcg3OL9reK8ltczgHTAwNhMys/6ThXHityHxVV2p3fkw/c+MAvBHFVYHFZDmjMCQ==",
      "license": "MIT",
      "funding": {
        "url": "https://github.com/sponsors/colinhacks"
      }
    }
  }
}
